
Microsoft Visual Studio Solution File, Format Version 12.00
# Visual Studio Version 16
VisualStudioVersion = 16.0.30011.22
MinimumVisualStudioVersion = 10.0.40219.1
Project("{FAE04EC0-301F-11D3-BF4B-00C04F79EFBC}") = "BlackSmithShop", "BlackSmithShop\BlackSmithShop.csproj", "{557B96D7-82E9-4D2B-AA5D-AB160853ED32}"
EndProject
Global
	GlobalSection(SolutionConfigurationPlatforms) = preSolution
		Debug|Any CPU = Debug|Any CPU
		Release|Any CPU = Release|Any CPU
	EndGlobalSection
	GlobalSection(ProjectConfigurationPlatforms) = postSolution
		{557B96D7-82E9-4D2B-AA5D-AB160853ED32}.Debug|Any CPU.ActiveCfg = Debug|Any CPU
		{557B96D7-82E9-4D2B-AA5D-AB160853ED32}.Debug|Any CPU.Build.0 = Debug|Any CPU
		{557B96D7-82E9-4D2B-AA5D-AB160853ED32}.Release|Any CPU.ActiveCfg = Release|Any CPU
		{557B96D7-82E9-4D2B-AA5D-AB160853ED32}.Release|Any CPU.Build.0 = Release|Any CPU
	EndGlobalSection
	GlobalSection(SolutionProperties) = preSolution
		HideSolutionNode = FALSE
	EndGlobalSection
	GlobalSection(ExtensibilityGlobals) = postSolution
		SolutionGuid = {893A0FF9-CBA8-4130-B470-1C25D53B81B9}
	EndGlobalSection
EndGlobal
